
Microsoft Visual Studio Solution File, Format Version 12.00
Project("{FAE04EC0-301F-11D3-BF4B-00C04F79EFBC}") = "context-pooling", "context-pooling\context-pooling.csproj", "{A73E829C-B22D-4872-8ECF-87800E6E7A81}"
EndProject
Project("{FAE04EC0-301F-11D3-BF4B-00C04F79EFBC}") = "compiled-query", "compiled-query\compiled-query.csproj", "{D946BC27-9B51-4CA8-89E2-4B93AC9EB4F1}"
EndProject
Project("{FAE04EC0-301F-11D3-BF4B-00C04F79EFBC}") = "db-functions", "db-functions\db-functions.csproj", "{2E62B9C4-798F-497E-AB27-10B1E6C761A8}"
EndProject
Project("{FAE04EC0-301F-11D3-BF4B-00C04F79EFBC}") = "demo-4-entity-counters", "demo-4-entity-counters\demo-4-entity-counters.csproj", "{1C52BA32-AA02-4AD9-B6C1-BD909EF0CFBC}"
EndProject
Project("{FAE04EC0-301F-11D3-BF4B-00C04F79EFBC}") = "filtered-include", "filtered-include\filtered-include.csproj", "{3A128978-4CA6-4B39-B75A-512FDACFAFD0}"
EndProject
Project("{FAE04EC0-301F-11D3-BF4B-00C04F79EFBC}") = "flexible-entity-mapping", "flexible-entity-mapping\flexible-entity-mapping.csproj", "{971DB790-72E1-4326-B7BB-1121396AA8C6}"
EndProject
Project("{FAE04EC0-301F-11D3-BF4B-00C04F79EFBC}") = "from_sql", "from_sql\from_sql.csproj", "{84FE8F8D-21DD-432C-BDDD-0CAF40DCD69F}"
EndProject
Project("{FAE04EC0-301F-11D3-BF4B-00C04F79EFBC}") = "identity-resolution", "identity-resolution\identity-resolution.csproj", "{9C9E618A-7620-428B-9E27-553E93EBFFA7}"
EndProject
Project("{FAE04EC0-301F-11D3-BF4B-00C04F79EFBC}") = "interception-db-ops", "interception-db-ops\interception-db-ops.csproj", "{03395547-F1A3-402F-80EC-7062D63C87BC}"
EndProject
Project("{FAE04EC0-301F-11D3-BF4B-00C04F79EFBC}") = "keyless-entity-types", "keyless-entity-types\keyless-entity-types.csproj", "{FE242F75-430B-49FA-962D-1E3A37F35FB2}"
EndProject
Project("{FAE04EC0-301F-11D3-BF4B-00C04F79EFBC}") = "lazy-loading", "lazy-loading\lazy-loading.csproj", "{5ADF314B-64FA-4A67-BCB2-FC0D2EB7B98B}"
EndProject
Project("{FAE04EC0-301F-11D3-BF4B-00C04F79EFBC}") = "like", "like\like.csproj", "{5D2CF83C-61AA-4A46-A43D-2DDAA7C4079B}"
EndProject
Project("{FAE04EC0-301F-11D3-BF4B-00C04F79EFBC}") = "linq-groupby", "linq-groupby\linq-groupby.csproj", "{45E1282B-0160-46CE-B9B4-0DDFA4F9F0CD}"
EndProject
Project("{FAE04EC0-301F-11D3-BF4B-00C04F79EFBC}") = "many-to-many", "many-to-many\many-to-many.csproj", "{2BFE8A47-A603-4C09-AC23-DDEDD2092D1E}"
EndProject
Project("{FAE04EC0-301F-11D3-BF4B-00C04F79EFBC}") = "query-filters", "query-filters\query-filters.csproj", "{DA6D2CCD-84D5-4858-B3F7-918E9378375A}"
EndProject
Project("{FAE04EC0-301F-11D3-BF4B-00C04F79EFBC}") = "query-tags", "query-tags\query-tags.csproj", "{9DD3DAC5-D304-4025-9D94-8BF598E647B9}"
EndProject
Project("{FAE04EC0-301F-11D3-BF4B-00C04F79EFBC}") = "required-1-on-1-dependants", "required-1-on-1-dependants\required-1-on-1-dependants.csproj", "{61A6A6DB-55D2-4CD5-91DA-391F81540266}"
EndProject
Project("{FAE04EC0-301F-11D3-BF4B-00C04F79EFBC}") = "savedchanges-interception-auditing", "savedchanges-interception-auditing\savedchanges-interception-auditing.csproj", "{58A8E27A-9451-42DF-8508-3B2DA01DA246}"
EndProject
Project("{FAE04EC0-301F-11D3-BF4B-00C04F79EFBC}") = "simple-logging-improved-diagnostics", "simple-logging-improved-diagnostics\simple-logging-improved-diagnostics.csproj", "{525A9F15-4F17-4A98-9EAD-056FDDF50E57}"
EndProject
Project("{FAE04EC0-301F-11D3-BF4B-00C04F79EFBC}") = "spatial", "spatial\spatial.csproj", "{07398EAE-42AB-4A05-985F-690BDA543E81}"
EndProject
Project("{FAE04EC0-301F-11D3-BF4B-00C04F79EFBC}") = "split-queries", "split-queries\split-queries.csproj", "{7A3F4AD9-B8FC-4568-A76E-4DB2DC2AAC92}"
EndProject
Project("{FAE04EC0-301F-11D3-BF4B-00C04F79EFBC}") = "json-columns", "json-columns\json-columns.csproj", "{C27E4AFF-269E-47B3-85C4-3A1E8A0F1E5B}"
EndProject
Project("{FAE04EC0-301F-11D3-BF4B-00C04F79EFBC}") = "executeupdate-executedelete", "executeupdate-executedelete\executeupdate-executedelete.csproj", "{4B7C93FE-0922-4A7F-8F16-EDC8D4EA1D9E}"
EndProject
Project("{FAE04EC0-301F-11D3-BF4B-00C04F79EFBC}") = "sproc-mapping", "sproc-mapping\sproc-mapping.csproj", "{6BDFB812-1AE7-4BAE-854E-4FA258CAA352}"
EndProject
Project("{FAE04EC0-301F-11D3-BF4B-00C04F79EFBC}") = "temporal-tables", "temporal-tables\temporal-tables.csproj", "{7B11D953-A1F9-410E-AD34-2F3930FD428D}"
EndProject
Project("{FAE04EC0-301F-11D3-BF4B-00C04F79EFBC}") = "compiled-models", "compiled-models\compiled-models.csproj", "{A771A128-5366-4D0A-BA0B-609621BCE1B4}"
EndProject
Project("{FAE04EC0-301F-11D3-BF4B-00C04F79EFBC}") = "SpatialDemo.Api", "SpatialDemo.Api\SpatialDemo.Api.csproj", "{57DBACA0-80E2-4789-898E-EAD850FBFB0F}"
EndProject
Project("{FAE04EC0-301F-11D3-BF4B-00C04F79EFBC}") = "EFCoreDemos.Tests", "EFCoreDemos.Tests\EFCoreDemos.Tests.csproj", "{8DFBD6E7-A41F-4A0C-A3A3-25B658F7E295}"
EndProject
Project("{2150E333-8FDC-42A3-9474-1A3956D46DE8}") = "Tests", "Tests", "{7155F196-B8C5-49E2-82E3-8656197E4585}"
EndProject
Project("{FAE04EC0-301F-11D3-BF4B-00C04F79EFBC}") = "as-no-tracking-perf", "as-no-tracking-perf\as-no-tracking-perf.csproj", "{D1ED7570-6E2A-4ECD-9251-762E68C77F81}"
EndProject
Project("{FAE04EC0-301F-11D3-BF4B-00C04F79EFBC}") = "change-tracker-explorer", "change-tracker-explorer\change-tracker-explorer.csproj", "{9F3F99DB-06FA-4B1C-A5A9-C99C13010051}"
EndProject
Project("{FAE04EC0-301F-11D3-BF4B-00C04F79EFBC}") = "projections-perf", "projections-perf\projections-perf.csproj", "{632BB8B9-54F9-40B4-B2BA-B21388C82774}"
EndProject
Project("{FAE04EC0-301F-11D3-BF4B-00C04F79EFBC}") = "n-plus-one-problem", "n-plus-one-problem\n-plus-one-problem.csproj", "{65CBDFDE-A3D9-4157-9CE5-3D6AA7FFFC03}"
EndProject
Project("{FAE04EC0-301F-11D3-BF4B-00C04F79EFBC}") = "dbcontext-lifetimes-di", "dbcontext-lifetimes-di\dbcontext-lifetimes-di.csproj", "{C1068A35-5677-49E0-AE62-AA46AE318632}"
EndProject
Project("{FAE04EC0-301F-11D3-BF4B-00C04F79EFBC}") = "transactions-and-savechanges", "transactions-and-savechanges\transactions-and-savechanges.csproj", "{CD1DAF7A-CB54-4B21-81C8-B3F5DCEC321D}"
EndProject
Project("{FAE04EC0-301F-11D3-BF4B-00C04F79EFBC}") = "ef-vs-dapper-vs-ado", "ef-vs-dapper-vs-ado\ef-vs-dapper-vs-ado.csproj", "{28CD95A2-7174-4FD1-A228-373987851353}"
EndProject
Project("{FAE04EC0-301F-11D3-BF4B-00C04F79EFBC}") = "DemoLauncher.Web", "DemoLauncher.Web\DemoLauncher.Web.csproj", "{6DEEBD69-A7EB-480F-9CD8-D553BBFE6BB3}"
EndProject
Project("{FAE04EC0-301F-11D3-BF4B-00C04F79EFBC}") = "inheritance-mapping", "inheritance-mapping\inheritance-mapping.csproj", "{A091055E-A293-4E15-B900-4EBC95B25254}"
EndProject
Project("{FAE04EC0-301F-11D3-BF4B-00C04F79EFBC}") = "migrations-workflow", "migrations-workflow\migrations-workflow.csproj", "{DF5E3EED-EBAD-41FC-A6BE-617246F73275}"
EndProject
Project("{FAE04EC0-301F-11D3-BF4B-00C04F79EFBC}") = "optimistic-concurrency", "optimistic-concurrency\optimistic-concurrency.csproj", "{4FC16ADE-92F5-4FBB-92E1-95A467010FB7}"
EndProject
Global
	GlobalSection(SolutionConfigurationPlatforms) = preSolution
		Debug|Any CPU = Debug|Any CPU
		Debug|x64 = Debug|x64
		Debug|x86 = Debug|x86
		Release|Any CPU = Release|Any CPU
		Release|x64 = Release|x64
		Release|x86 = Release|x86
	EndGlobalSection
	GlobalSection(ProjectConfigurationPlatforms) = postSolution
		{A73E829C-B22D-4872-8ECF-87800E6E7A81}.Debug|Any CPU.ActiveCfg = Debug|Any CPU
		{A73E829C-B22D-4872-8ECF-87800E6E7A81}.Debug|Any CPU.Build.0 = Debug|Any CPU
		{A73E829C-B22D-4872-8ECF-87800E6E7A81}.Debug|x64.ActiveCfg = Debug|Any CPU
		{A73E829C-B22D-4872-8ECF-87800E6E7A81}.Debug|x64.Build.0 = Debug|Any CPU
		{A73E829C-B22D-4872-8ECF-87800E6E7A81}.Debug|x86.ActiveCfg = Debug|Any CPU
		{A73E829C-B22D-4872-8ECF-87800E6E7A81}.Debug|x86.Build.0 = Debug|Any CPU
		{A73E829C-B22D-4872-8ECF-87800E6E7A81}.Release|Any CPU.ActiveCfg = Release|Any CPU
		{A73E829C-B22D-4872-8ECF-87800E6E7A81}.Release|Any CPU.Build.0 = Release|Any CPU
		{A73E829C-B22D-4872-8ECF-87800E6E7A81}.Release|x64.ActiveCfg = Release|Any CPU
		{A73E829C-B22D-4872-8ECF-87800E6E7A81}.Release|x64.Build.0 = Release|Any CPU
		{A73E829C-B22D-4872-8ECF-87800E6E7A81}.Release|x86.ActiveCfg = Release|Any CPU
		{A73E829C-B22D-4872-8ECF-87800E6E7A81}.Release|x86.Build.0 = Release|Any CPU
		{D946BC27-9B51-4CA8-89E2-4B93AC9EB4F1}.Debug|Any CPU.ActiveCfg = Debug|Any CPU
		{D946BC27-9B51-4CA8-89E2-4B93AC9EB4F1}.Debug|Any CPU.Build.0 = Debug|Any CPU
		{D946BC27-9B51-4CA8-89E2-4B93AC9EB4F1}.Debug|x64.ActiveCfg = Debug|Any CPU
		{D946BC27-9B51-4CA8-89E2-4B93AC9EB4F1}.Debug|x64.Build.0 = Debug|Any CPU
		{D946BC27-9B51-4CA8-89E2-4B93AC9EB4F1}.Debug|x86.ActiveCfg = Debug|Any CPU
		{D946BC27-9B51-4CA8-89E2-4B93AC9EB4F1}.Debug|x86.Build.0 = Debug|Any CPU
		{D946BC27-9B51-4CA8-89E2-4B93AC9EB4F1}.Release|Any CPU.ActiveCfg = Release|Any CPU
		{D946BC27-9B51-4CA8-89E2-4B93AC9EB4F1}.Release|Any CPU.Build.0 = Release|Any CPU
		{D946BC27-9B51-4CA8-89E2-4B93AC9EB4F1}.Release|x64.ActiveCfg = Release|Any CPU
		{D946BC27-9B51-4CA8-89E2-4B93AC9EB4F1}.Release|x64.Build.0 = Release|Any CPU
		{D946BC27-9B51-4CA8-89E2-4B93AC9EB4F1}.Release|x86.ActiveCfg = Release|Any CPU
		{D946BC27-9B51-4CA8-89E2-4B93AC9EB4F1}.Release|x86.Build.0 = Release|Any CPU
		{2E62B9C4-798F-497E-AB27-10B1E6C761A8}.Debug|Any CPU.ActiveCfg = Debug|Any CPU
		{2E62B9C4-798F-497E-AB27-10B1E6C761A8}.Debug|Any CPU.Build.0 = Debug|Any CPU
		{2E62B9C4-798F-497E-AB27-10B1E6C761A8}.Debug|x64.ActiveCfg = Debug|Any CPU
		{2E62B9C4-798F-497E-AB27-10B1E6C761A8}.Debug|x64.Build.0 = Debug|Any CPU
		{2E62B9C4-798F-497E-AB27-10B1E6C761A8}.Debug|x86.ActiveCfg = Debug|Any CPU
		{2E62B9C4-798F-497E-AB27-10B1E6C761A8}.Debug|x86.Build.0 = Debug|Any CPU
		{2E62B9C4-798F-497E-AB27-10B1E6C761A8}.Release|Any CPU.ActiveCfg = Release|Any CPU
		{2E62B9C4-798F-497E-AB27-10B1E6C761A8}.Release|Any CPU.Build.0 = Release|Any CPU
		{2E62B9C4-798F-497E-AB27-10B1E6C761A8}.Release|x64.ActiveCfg = Release|Any CPU
		{2E62B9C4-798F-497E-AB27-10B1E6C761A8}.Release|x64.Build.0 = Release|Any CPU
		{2E62B9C4-798F-497E-AB27-10B1E6C761A8}.Release|x86.ActiveCfg = Release|Any CPU
		{2E62B9C4-798F-497E-AB27-10B1E6C761A8}.Release|x86.Build.0 = Release|Any CPU
		{1C52BA32-AA02-4AD9-B6C1-BD909EF0CFBC}.Debug|Any CPU.ActiveCfg = Debug|Any CPU
		{1C52BA32-AA02-4AD9-B6C1-BD909EF0CFBC}.Debug|Any CPU.Build.0 = Debug|Any CPU
		{1C52BA32-AA02-4AD9-B6C1-BD909EF0CFBC}.Debug|x64.ActiveCfg = Debug|Any CPU
		{1C52BA32-AA02-4AD9-B6C1-BD909EF0CFBC}.Debug|x64.Build.0 = Debug|Any CPU
		{1C52BA32-AA02-4AD9-B6C1-BD909EF0CFBC}.Debug|x86.ActiveCfg = Debug|Any CPU
		{1C52BA32-AA02-4AD9-B6C1-BD909EF0CFBC}.Debug|x86.Build.0 = Debug|Any CPU
		{1C52BA32-AA02-4AD9-B6C1-BD909EF0CFBC}.Release|Any CPU.ActiveCfg = Release|Any CPU
		{1C52BA32-AA02-4AD9-B6C1-BD909EF0CFBC}.Release|Any CPU.Build.0 = Release|Any CPU
		{1C52BA32-AA02-4AD9-B6C1-BD909EF0CFBC}.Release|x64.ActiveCfg = Release|Any CPU
		{1C52BA32-AA02-4AD9-B6C1-BD909EF0CFBC}.Release|x64.Build.0 = Release|Any CPU
		{1C52BA32-AA02-4AD9-B6C1-BD909EF0CFBC}.Release|x86.ActiveCfg = Release|Any CPU
		{1C52BA32-AA02-4AD9-B6C1-BD909EF0CFBC}.Release|x86.Build.0 = Release|Any CPU
		{3A128978-4CA6-4B39-B75A-512FDACFAFD0}.Debug|Any CPU.ActiveCfg = Debug|Any CPU
		{3A128978-4CA6-4B39-B75A-512FDACFAFD0}.Debug|Any CPU.Build.0 = Debug|Any CPU
		{3A128978-4CA6-4B39-B75A-512FDACFAFD0}.Debug|x64.ActiveCfg = Debug|Any CPU
		{3A128978-4CA6-4B39-B75A-512FDACFAFD0}.Debug|x64.Build.0 = Debug|Any CPU
		{3A128978-4CA6-4B39-B75A-512FDACFAFD0}.Debug|x86.ActiveCfg = Debug|Any CPU
		{3A128978-4CA6-4B39-B75A-512FDACFAFD0}.Debug|x86.Build.0 = Debug|Any CPU
		{3A128978-4CA6-4B39-B75A-512FDACFAFD0}.Release|Any CPU.ActiveCfg = Release|Any CPU
		{3A128978-4CA6-4B39-B75A-512FDACFAFD0}.Release|Any CPU.Build.0 = Release|Any CPU
		{3A128978-4CA6-4B39-B75A-512FDACFAFD0}.Release|x64.ActiveCfg = Release|Any CPU
		{3A128978-4CA6-4B39-B75A-512FDACFAFD0}.Release|x64.Build.0 = Release|Any CPU
		{3A128978-4CA6-4B39-B75A-512FDACFAFD0}.Release|x86.ActiveCfg = Release|Any CPU
		{3A128978-4CA6-4B39-B75A-512FDACFAFD0}.Release|x86.Build.0 = Release|Any CPU
		{971DB790-72E1-4326-B7BB-1121396AA8C6}.Debug|Any CPU.ActiveCfg = Debug|Any CPU
		{971DB790-72E1-4326-B7BB-1121396AA8C6}.Debug|Any CPU.Build.0 = Debug|Any CPU
		{971DB790-72E1-4326-B7BB-1121396AA8C6}.Debug|x64.ActiveCfg = Debug|Any CPU
		{971DB790-72E1-4326-B7BB-1121396AA8C6}.Debug|x64.Build.0 = Debug|Any CPU
		{971DB790-72E1-4326-B7BB-1121396AA8C6}.Debug|x86.ActiveCfg = Debug|Any CPU
		{971DB790-72E1-4326-B7BB-1121396AA8C6}.Debug|x86.Build.0 = Debug|Any CPU
		{971DB790-72E1-4326-B7BB-1121396AA8C6}.Release|Any CPU.ActiveCfg = Release|Any CPU
		{971DB790-72E1-4326-B7BB-1121396AA8C6}.Release|Any CPU.Build.0 = Release|Any CPU
		{971DB790-72E1-4326-B7BB-1121396AA8C6}.Release|x64.ActiveCfg = Release|Any CPU
		{971DB790-72E1-4326-B7BB-1121396AA8C6}.Release|x64.Build.0 = Release|Any CPU
		{971DB790-72E1-4326-B7BB-1121396AA8C6}.Release|x86.ActiveCfg = Release|Any CPU
		{971DB790-72E1-4326-B7BB-1121396AA8C6}.Release|x86.Build.0 = Release|Any CPU
		{84FE8F8D-21DD-432C-BDDD-0CAF40DCD69F}.Debug|Any CPU.ActiveCfg = Debug|Any CPU
		{84FE8F8D-21DD-432C-BDDD-0CAF40DCD69F}.Debug|Any CPU.Build.0 = Debug|Any CPU
		{84FE8F8D-21DD-432C-BDDD-0CAF40DCD69F}.Debug|x64.ActiveCfg = Debug|Any CPU
		{84FE8F8D-21DD-432C-BDDD-0CAF40DCD69F}.Debug|x64.Build.0 = Debug|Any CPU
		{84FE8F8D-21DD-432C-BDDD-0CAF40DCD69F}.Debug|x86.ActiveCfg = Debug|Any CPU
		{84FE8F8D-21DD-432C-BDDD-0CAF40DCD69F}.Debug|x86.Build.0 = Debug|Any CPU
		{84FE8F8D-21DD-432C-BDDD-0CAF40DCD69F}.Release|Any CPU.ActiveCfg = Release|Any CPU
		{84FE8F8D-21DD-432C-BDDD-0CAF40DCD69F}.Release|Any CPU.Build.0 = Release|Any CPU
		{84FE8F8D-21DD-432C-BDDD-0CAF40DCD69F}.Release|x64.ActiveCfg = Release|Any CPU
		{84FE8F8D-21DD-432C-BDDD-0CAF40DCD69F}.Release|x64.Build.0 = Release|Any CPU
		{84FE8F8D-21DD-432C-BDDD-0CAF40DCD69F}.Release|x86.ActiveCfg = Release|Any CPU
		{84FE8F8D-21DD-432C-BDDD-0CAF40DCD69F}.Release|x86.Build.0 = Release|Any CPU
		{9C9E618A-7620-428B-9E27-553E93EBFFA7}.Debug|Any CPU.ActiveCfg = Debug|Any CPU
		{9C9E618A-7620-428B-9E27-553E93EBFFA7}.Debug|Any CPU.Build.0 = Debug|Any CPU
		{9C9E618A-7620-428B-9E27-553E93EBFFA7}.Debug|x64.ActiveCfg = Debug|Any CPU
		{9C9E618A-7620-428B-9E27-553E93EBFFA7}.Debug|x64.Build.0 = Debug|Any CPU
		{9C9E618A-7620-428B-9E27-553E93EBFFA7}.Debug|x86.ActiveCfg = Debug|Any CPU
		{9C9E618A-7620-428B-9E27-553E93EBFFA7}.Debug|x86.Build.0 = Debug|Any CPU
		{9C9E618A-7620-428B-9E27-553E93EBFFA7}.Release|Any CPU.ActiveCfg = Release|Any CPU
		{9C9E618A-7620-428B-9E27-553E93EBFFA7}.Release|Any CPU.Build.0 = Release|Any CPU
		{9C9E618A-7620-428B-9E27-553E93EBFFA7}.Release|x64.ActiveCfg = Release|Any CPU
		{9C9E618A-7620-428B-9E27-553E93EBFFA7}.Release|x64.Build.0 = Release|Any CPU
		{9C9E618A-7620-428B-9E27-553E93EBFFA7}.Release|x86.ActiveCfg = Release|Any CPU
		{9C9E618A-7620-428B-9E27-553E93EBFFA7}.Release|x86.Build.0 = Release|Any CPU
		{03395547-F1A3-402F-80EC-7062D63C87BC}.Debug|Any CPU.ActiveCfg = Debug|Any CPU
		{03395547-F1A3-402F-80EC-7062D63C87BC}.Debug|Any CPU.Build.0 = Debug|Any CPU
		{03395547-F1A3-402F-80EC-7062D63C87BC}.Debug|x64.ActiveCfg = Debug|Any CPU
		{03395547-F1A3-402F-80EC-7062D63C87BC}.Debug|x64.Build.0 = Debug|Any CPU
		{03395547-F1A3-402F-80EC-7062D63C87BC}.Debug|x86.ActiveCfg = Debug|Any CPU
		{03395547-F1A3-402F-80EC-7062D63C87BC}.Debug|x86.Build.0 = Debug|Any CPU
		{03395547-F1A3-402F-80EC-7062D63C87BC}.Release|Any CPU.ActiveCfg = Release|Any CPU
		{03395547-F1A3-402F-80EC-7062D63C87BC}.Release|Any CPU.Build.0 = Release|Any CPU
		{03395547-F1A3-402F-80EC-7062D63C87BC}.Release|x64.ActiveCfg = Release|Any CPU
		{03395547-F1A3-402F-80EC-7062D63C87BC}.Release|x64.Build.0 = Release|Any CPU
		{03395547-F1A3-402F-80EC-7062D63C87BC}.Release|x86.ActiveCfg = Release|Any CPU
		{03395547-F1A3-402F-80EC-7062D63C87BC}.Release|x86.Build.0 = Release|Any CPU
		{FE242F75-430B-49FA-962D-1E3A37F35FB2}.Debug|Any CPU.ActiveCfg = Debug|Any CPU
		{FE242F75-430B-49FA-962D-1E3A37F35FB2}.Debug|Any CPU.Build.0 = Debug|Any CPU
		{FE242F75-430B-49FA-962D-1E3A37F35FB2}.Debug|x64.ActiveCfg = Debug|Any CPU
		{FE242F75-430B-49FA-962D-1E3A37F35FB2}.Debug|x64.Build.0 = Debug|Any CPU
		{FE242F75-430B-49FA-962D-1E3A37F35FB2}.Debug|x86.ActiveCfg = Debug|Any CPU
		{FE242F75-430B-49FA-962D-1E3A37F35FB2}.Debug|x86.Build.0 = Debug|Any CPU
		{FE242F75-430B-49FA-962D-1E3A37F35FB2}.Release|Any CPU.ActiveCfg = Release|Any CPU
		{FE242F75-430B-49FA-962D-1E3A37F35FB2}.Release|Any CPU.Build.0 = Release|Any CPU
		{FE242F75-430B-49FA-962D-1E3A37F35FB2}.Release|x64.ActiveCfg = Release|Any CPU
		{FE242F75-430B-49FA-962D-1E3A37F35FB2}.Release|x64.Build.0 = Release|Any CPU
		{FE242F75-430B-49FA-962D-1E3A37F35FB2}.Release|x86.ActiveCfg = Release|Any CPU
		{FE242F75-430B-49FA-962D-1E3A37F35FB2}.Release|x86.Build.0 = Release|Any CPU
		{5ADF314B-64FA-4A67-BCB2-FC0D2EB7B98B}.Debug|Any CPU.ActiveCfg = Debug|Any CPU
		{5ADF314B-64FA-4A67-BCB2-FC0D2EB7B98B}.Debug|Any CPU.Build.0 = Debug|Any CPU
		{5ADF314B-64FA-4A67-BCB2-FC0D2EB7B98B}.Debug|x64.ActiveCfg = Debug|Any CPU
		{5ADF314B-64FA-4A67-BCB2-FC0D2EB7B98B}.Debug|x64.Build.0 = Debug|Any CPU
		{5ADF314B-64FA-4A67-BCB2-FC0D2EB7B98B}.Debug|x86.ActiveCfg = Debug|Any CPU
		{5ADF314B-64FA-4A67-BCB2-FC0D2EB7B98B}.Debug|x86.Build.0 = Debug|Any CPU
		{5ADF314B-64FA-4A67-BCB2-FC0D2EB7B98B}.Release|Any CPU.ActiveCfg = Release|Any CPU
		{5ADF314B-64FA-4A67-BCB2-FC0D2EB7B98B}.Release|Any CPU.Build.0 = Release|Any CPU
		{5ADF314B-64FA-4A67-BCB2-FC0D2EB7B98B}.Release|x64.ActiveCfg = Release|Any CPU
		{5ADF314B-64FA-4A67-BCB2-FC0D2EB7B98B}.Release|x64.Build.0 = Release|Any CPU
		{5ADF314B-64FA-4A67-BCB2-FC0D2EB7B98B}.Release|x86.ActiveCfg = Release|Any CPU
		{5ADF314B-64FA-4A67-BCB2-FC0D2EB7B98B}.Release|x86.Build.0 = Release|Any CPU
		{5D2CF83C-61AA-4A46-A43D-2DDAA7C4079B}.Debug|Any CPU.ActiveCfg = Debug|Any CPU
		{5D2CF83C-61AA-4A46-A43D-2DDAA7C4079B}.Debug|Any CPU.Build.0 = Debug|Any CPU
		{5D2CF83C-61AA-4A46-A43D-2DDAA7C4079B}.Debug|x64.ActiveCfg = Debug|Any CPU
		{5D2CF83C-61AA-4A46-A43D-2DDAA7C4079B}.Debug|x64.Build.0 = Debug|Any CPU
		{5D2CF83C-61AA-4A46-A43D-2DDAA7C4079B}.Debug|x86.ActiveCfg = Debug|Any CPU
		{5D2CF83C-61AA-4A46-A43D-2DDAA7C4079B}.Debug|x86.Build.0 = Debug|Any CPU
		{5D2CF83C-61AA-4A46-A43D-2DDAA7C4079B}.Release|Any CPU.ActiveCfg = Release|Any CPU
		{5D2CF83C-61AA-4A46-A43D-2DDAA7C4079B}.Release|Any CPU.Build.0 = Release|Any CPU
		{5D2CF83C-61AA-4A46-A43D-2DDAA7C4079B}.Release|x64.ActiveCfg = Release|Any CPU
		{5D2CF83C-61AA-4A46-A43D-2DDAA7C4079B}.Release|x64.Build.0 = Release|Any CPU
		{5D2CF83C-61AA-4A46-A43D-2DDAA7C4079B}.Release|x86.ActiveCfg = Release|Any CPU
		{5D2CF83C-61AA-4A46-A43D-2DDAA7C4079B}.Release|x86.Build.0 = Release|Any CPU
		{45E1282B-0160-46CE-B9B4-0DDFA4F9F0CD}.Debug|Any CPU.ActiveCfg = Debug|Any CPU
		{45E1282B-0160-46CE-B9B4-0DDFA4F9F0CD}.Debug|Any CPU.Build.0 = Debug|Any CPU
		{45E1282B-0160-46CE-B9B4-0DDFA4F9F0CD}.Debug|x64.ActiveCfg = Debug|Any CPU
		{45E1282B-0160-46CE-B9B4-0DDFA4F9F0CD}.Debug|x64.Build.0 = Debug|Any CPU
		{45E1282B-0160-46CE-B9B4-0DDFA4F9F0CD}.Debug|x86.ActiveCfg = Debug|Any CPU
		{45E1282B-0160-46CE-B9B4-0DDFA4F9F0CD}.Debug|x86.Build.0 = Debug|Any CPU
		{45E1282B-0160-46CE-B9B4-0DDFA4F9F0CD}.Release|Any CPU.ActiveCfg = Release|Any CPU
		{45E1282B-0160-46CE-B9B4-0DDFA4F9F0CD}.Release|Any CPU.Build.0 = Release|Any CPU
		{45E1282B-0160-46CE-B9B4-0DDFA4F9F0CD}.Release|x64.ActiveCfg = Release|Any CPU
		{45E1282B-0160-46CE-B9B4-0DDFA4F9F0CD}.Release|x64.Build.0 = Release|Any CPU
		{45E1282B-0160-46CE-B9B4-0DDFA4F9F0CD}.Release|x86.ActiveCfg = Release|Any CPU
		{45E1282B-0160-46CE-B9B4-0DDFA4F9F0CD}.Release|x86.Build.0 = Release|Any CPU
		{2BFE8A47-A603-4C09-AC23-DDEDD2092D1E}.Debug|Any CPU.ActiveCfg = Debug|Any CPU
		{2BFE8A47-A603-4C09-AC23-DDEDD2092D1E}.Debug|Any CPU.Build.0 = Debug|Any CPU
		{2BFE8A47-A603-4C09-AC23-DDEDD2092D1E}.Debug|x64.ActiveCfg = Debug|Any CPU
		{2BFE8A47-A603-4C09-AC23-DDEDD2092D1E}.Debug|x64.Build.0 = Debug|Any CPU
		{2BFE8A47-A603-4C09-AC23-DDEDD2092D1E}.Debug|x86.ActiveCfg = Debug|Any CPU
		{2BFE8A47-A603-4C09-AC23-DDEDD2092D1E}.Debug|x86.Build.0 = Debug|Any CPU
		{2BFE8A47-A603-4C09-AC23-DDEDD2092D1E}.Release|Any CPU.ActiveCfg = Release|Any CPU
		{2BFE8A47-A603-4C09-AC23-DDEDD2092D1E}.Release|Any CPU.Build.0 = Release|Any CPU
		{2BFE8A47-A603-4C09-AC23-DDEDD2092D1E}.Release|x64.ActiveCfg = Release|Any CPU
		{2BFE8A47-A603-4C09-AC23-DDEDD2092D1E}.Release|x64.Build.0 = Release|Any CPU
		{2BFE8A47-A603-4C09-AC23-DDEDD2092D1E}.Release|x86.ActiveCfg = Release|Any CPU
		{2BFE8A47-A603-4C09-AC23-DDEDD2092D1E}.Release|x86.Build.0 = Release|Any CPU
		{DA6D2CCD-84D5-4858-B3F7-918E9378375A}.Debug|Any CPU.ActiveCfg = Debug|Any CPU
		{DA6D2CCD-84D5-4858-B3F7-918E9378375A}.Debug|Any CPU.Build.0 = Debug|Any CPU
		{DA6D2CCD-84D5-4858-B3F7-918E9378375A}.Debug|x64.ActiveCfg = Debug|Any CPU
		{DA6D2CCD-84D5-4858-B3F7-918E9378375A}.Debug|x64.Build.0 = Debug|Any CPU
		{DA6D2CCD-84D5-4858-B3F7-918E9378375A}.Debug|x86.ActiveCfg = Debug|Any CPU
		{DA6D2CCD-84D5-4858-B3F7-918E9378375A}.Debug|x86.Build.0 = Debug|Any CPU
		{DA6D2CCD-84D5-4858-B3F7-918E9378375A}.Release|Any CPU.ActiveCfg = Release|Any CPU
		{DA6D2CCD-84D5-4858-B3F7-918E9378375A}.Release|Any CPU.Build.0 = Release|Any CPU
		{DA6D2CCD-84D5-4858-B3F7-918E9378375A}.Release|x64.ActiveCfg = Release|Any CPU
		{DA6D2CCD-84D5-4858-B3F7-918E9378375A}.Release|x64.Build.0 = Release|Any CPU
		{DA6D2CCD-84D5-4858-B3F7-918E9378375A}.Release|x86.ActiveCfg = Release|Any CPU
		{DA6D2CCD-84D5-4858-B3F7-918E9378375A}.Release|x86.Build.0 = Release|Any CPU
		{9DD3DAC5-D304-4025-9D94-8BF598E647B9}.Debug|Any CPU.ActiveCfg = Debug|Any CPU
		{9DD3DAC5-D304-4025-9D94-8BF598E647B9}.Debug|Any CPU.Build.0 = Debug|Any CPU
		{9DD3DAC5-D304-4025-9D94-8BF598E647B9}.Debug|x64.ActiveCfg = Debug|Any CPU
		{9DD3DAC5-D304-4025-9D94-8BF598E647B9}.Debug|x64.Build.0 = Debug|Any CPU
		{9DD3DAC5-D304-4025-9D94-8BF598E647B9}.Debug|x86.ActiveCfg = Debug|Any CPU
		{9DD3DAC5-D304-4025-9D94-8BF598E647B9}.Debug|x86.Build.0 = Debug|Any CPU
		{9DD3DAC5-D304-4025-9D94-8BF598E647B9}.Release|Any CPU.ActiveCfg = Release|Any CPU
		{9DD3DAC5-D304-4025-9D94-8BF598E647B9}.Release|Any CPU.Build.0 = Release|Any CPU
		{9DD3DAC5-D304-4025-9D94-8BF598E647B9}.Release|x64.ActiveCfg = Release|Any CPU
		{9DD3DAC5-D304-4025-9D94-8BF598E647B9}.Release|x64.Build.0 = Release|Any CPU
		{9DD3DAC5-D304-4025-9D94-8BF598E647B9}.Release|x86.ActiveCfg = Release|Any CPU
		{9DD3DAC5-D304-4025-9D94-8BF598E647B9}.Release|x86.Build.0 = Release|Any CPU
		{61A6A6DB-55D2-4CD5-91DA-391F81540266}.Debug|Any CPU.ActiveCfg = Debug|Any CPU
		{61A6A6DB-55D2-4CD5-91DA-391F81540266}.Debug|Any CPU.Build.0 = Debug|Any CPU
		{61A6A6DB-55D2-4CD5-91DA-391F81540266}.Debug|x64.ActiveCfg = Debug|Any CPU
		{61A6A6DB-55D2-4CD5-91DA-391F81540266}.Debug|x64.Build.0 = Debug|Any CPU
		{61A6A6DB-55D2-4CD5-91DA-391F81540266}.Debug|x86.ActiveCfg = Debug|Any CPU
		{61A6A6DB-55D2-4CD5-91DA-391F81540266}.Debug|x86.Build.0 = Debug|Any CPU
		{61A6A6DB-55D2-4CD5-91DA-391F81540266}.Release|Any CPU.ActiveCfg = Release|Any CPU
		{61A6A6DB-55D2-4CD5-91DA-391F81540266}.Release|Any CPU.Build.0 = Release|Any CPU
		{61A6A6DB-55D2-4CD5-91DA-391F81540266}.Release|x64.ActiveCfg = Release|Any CPU
		{61A6A6DB-55D2-4CD5-91DA-391F81540266}.Release|x64.Build.0 = Release|Any CPU
		{61A6A6DB-55D2-4CD5-91DA-391F81540266}.Release|x86.ActiveCfg = Release|Any CPU
		{61A6A6DB-55D2-4CD5-91DA-391F81540266}.Release|x86.Build.0 = Release|Any CPU
		{58A8E27A-9451-42DF-8508-3B2DA01DA246}.Debug|Any CPU.ActiveCfg = Debug|Any CPU
		{58A8E27A-9451-42DF-8508-3B2DA01DA246}.Debug|Any CPU.Build.0 = Debug|Any CPU
		{58A8E27A-9451-42DF-8508-3B2DA01DA246}.Debug|x64.ActiveCfg = Debug|Any CPU
		{58A8E27A-9451-42DF-8508-3B2DA01DA246}.Debug|x64.Build.0 = Debug|Any CPU
		{58A8E27A-9451-42DF-8508-3B2DA01DA246}.Debug|x86.ActiveCfg = Debug|Any CPU
		{58A8E27A-9451-42DF-8508-3B2DA01DA246}.Debug|x86.Build.0 = Debug|Any CPU
		{58A8E27A-9451-42DF-8508-3B2DA01DA246}.Release|Any CPU.ActiveCfg = Release|Any CPU
		{58A8E27A-9451-42DF-8508-3B2DA01DA246}.Release|Any CPU.Build.0 = Release|Any CPU
		{58A8E27A-9451-42DF-8508-3B2DA01DA246}.Release|x64.ActiveCfg = Release|Any CPU
		{58A8E27A-9451-42DF-8508-3B2DA01DA246}.Release|x64.Build.0 = Release|Any CPU
		{58A8E27A-9451-42DF-8508-3B2DA01DA246}.Release|x86.ActiveCfg = Release|Any CPU
		{58A8E27A-9451-42DF-8508-3B2DA01DA246}.Release|x86.Build.0 = Release|Any CPU
		{525A9F15-4F17-4A98-9EAD-056FDDF50E57}.Debug|Any CPU.ActiveCfg = Debug|Any CPU
		{525A9F15-4F17-4A98-9EAD-056FDDF50E57}.Debug|Any CPU.Build.0 = Debug|Any CPU
		{525A9F15-4F17-4A98-9EAD-056FDDF50E57}.Debug|x64.ActiveCfg = Debug|Any CPU
		{525A9F15-4F17-4A98-9EAD-056FDDF50E57}.Debug|x64.Build.0 = Debug|Any CPU
		{525A9F15-4F17-4A98-9EAD-056FDDF50E57}.Debug|x86.ActiveCfg = Debug|Any CPU
		{525A9F15-4F17-4A98-9EAD-056FDDF50E57}.Debug|x86.Build.0 = Debug|Any CPU
		{525A9F15-4F17-4A98-9EAD-056FDDF50E57}.Release|Any CPU.ActiveCfg = Release|Any CPU
		{525A9F15-4F17-4A98-9EAD-056FDDF50E57}.Release|Any CPU.Build.0 = Release|Any CPU
		{525A9F15-4F17-4A98-9EAD-056FDDF50E57}.Release|x64.ActiveCfg = Release|Any CPU
		{525A9F15-4F17-4A98-9EAD-056FDDF50E57}.Release|x64.Build.0 = Release|Any CPU
		{525A9F15-4F17-4A98-9EAD-056FDDF50E57}.Release|x86.ActiveCfg = Release|Any CPU
		{525A9F15-4F17-4A98-9EAD-056FDDF50E57}.Release|x86.Build.0 = Release|Any CPU
		{07398EAE-42AB-4A05-985F-690BDA543E81}.Debug|Any CPU.ActiveCfg = Debug|Any CPU
		{07398EAE-42AB-4A05-985F-690BDA543E81}.Debug|Any CPU.Build.0 = Debug|Any CPU
		{07398EAE-42AB-4A05-985F-690BDA543E81}.Debug|x64.ActiveCfg = Debug|Any CPU
		{07398EAE-42AB-4A05-985F-690BDA543E81}.Debug|x64.Build.0 = Debug|Any CPU
		{07398EAE-42AB-4A05-985F-690BDA543E81}.Debug|x86.ActiveCfg = Debug|Any CPU
		{07398EAE-42AB-4A05-985F-690BDA543E81}.Debug|x86.Build.0 = Debug|Any CPU
		{07398EAE-42AB-4A05-985F-690BDA543E81}.Release|Any CPU.ActiveCfg = Release|Any CPU
		{07398EAE-42AB-4A05-985F-690BDA543E81}.Release|Any CPU.Build.0 = Release|Any CPU
		{07398EAE-42AB-4A05-985F-690BDA543E81}.Release|x64.ActiveCfg = Release|Any CPU
		{07398EAE-42AB-4A05-985F-690BDA543E81}.Release|x64.Build.0 = Release|Any CPU
		{07398EAE-42AB-4A05-985F-690BDA543E81}.Release|x86.ActiveCfg = Release|Any CPU
		{07398EAE-42AB-4A05-985F-690BDA543E81}.Release|x86.Build.0 = Release|Any CPU
		{7A3F4AD9-B8FC-4568-A76E-4DB2DC2AAC92}.Debug|Any CPU.ActiveCfg = Debug|Any CPU
		{7A3F4AD9-B8FC-4568-A76E-4DB2DC2AAC92}.Debug|Any CPU.Build.0 = Debug|Any CPU
		{7A3F4AD9-B8FC-4568-A76E-4DB2DC2AAC92}.Debug|x64.ActiveCfg = Debug|Any CPU
		{7A3F4AD9-B8FC-4568-A76E-4DB2DC2AAC92}.Debug|x64.Build.0 = Debug|Any CPU
		{7A3F4AD9-B8FC-4568-A76E-4DB2DC2AAC92}.Debug|x86.ActiveCfg = Debug|Any CPU
		{7A3F4AD9-B8FC-4568-A76E-4DB2DC2AAC92}.Debug|x86.Build.0 = Debug|Any CPU
		{7A3F4AD9-B8FC-4568-A76E-4DB2DC2AAC92}.Release|Any CPU.ActiveCfg = Release|Any CPU
		{7A3F4AD9-B8FC-4568-A76E-4DB2DC2AAC92}.Release|Any CPU.Build.0 = Release|Any CPU
		{7A3F4AD9-B8FC-4568-A76E-4DB2DC2AAC92}.Release|x64.ActiveCfg = Release|Any CPU
		{7A3F4AD9-B8FC-4568-A76E-4DB2DC2AAC92}.Release|x64.Build.0 = Release|Any CPU
		{7A3F4AD9-B8FC-4568-A76E-4DB2DC2AAC92}.Release|x86.ActiveCfg = Release|Any CPU
		{7A3F4AD9-B8FC-4568-A76E-4DB2DC2AAC92}.Release|x86.Build.0 = Release|Any CPU
		{C27E4AFF-269E-47B3-85C4-3A1E8A0F1E5B}.Debug|Any CPU.ActiveCfg = Debug|Any CPU
		{C27E4AFF-269E-47B3-85C4-3A1E8A0F1E5B}.Debug|Any CPU.Build.0 = Debug|Any CPU
		{C27E4AFF-269E-47B3-85C4-3A1E8A0F1E5B}.Debug|x64.ActiveCfg = Debug|Any CPU
		{C27E4AFF-269E-47B3-85C4-3A1E8A0F1E5B}.Debug|x64.Build.0 = Debug|Any CPU
		{C27E4AFF-269E-47B3-85C4-3A1E8A0F1E5B}.Debug|x86.ActiveCfg = Debug|Any CPU
		{C27E4AFF-269E-47B3-85C4-3A1E8A0F1E5B}.Debug|x86.Build.0 = Debug|Any CPU
		{C27E4AFF-269E-47B3-85C4-3A1E8A0F1E5B}.Release|Any CPU.ActiveCfg = Release|Any CPU
		{C27E4AFF-269E-47B3-85C4-3A1E8A0F1E5B}.Release|Any CPU.Build.0 = Release|Any CPU
		{C27E4AFF-269E-47B3-85C4-3A1E8A0F1E5B}.Release|x64.ActiveCfg = Release|Any CPU
		{C27E4AFF-269E-47B3-85C4-3A1E8A0F1E5B}.Release|x64.Build.0 = Release|Any CPU
		{C27E4AFF-269E-47B3-85C4-3A1E8A0F1E5B}.Release|x86.ActiveCfg = Release|Any CPU
		{C27E4AFF-269E-47B3-85C4-3A1E8A0F1E5B}.Release|x86.Build.0 = Release|Any CPU
		{4B7C93FE-0922-4A7F-8F16-EDC8D4EA1D9E}.Debug|Any CPU.ActiveCfg = Debug|Any CPU
		{4B7C93FE-0922-4A7F-8F16-EDC8D4EA1D9E}.Debug|Any CPU.Build.0 = Debug|Any CPU
		{4B7C93FE-0922-4A7F-8F16-EDC8D4EA1D9E}.Debug|x64.ActiveCfg = Debug|Any CPU
		{4B7C93FE-0922-4A7F-8F16-EDC8D4EA1D9E}.Debug|x64.Build.0 = Debug|Any CPU
		{4B7C93FE-0922-4A7F-8F16-EDC8D4EA1D9E}.Debug|x86.ActiveCfg = Debug|Any CPU
		{4B7C93FE-0922-4A7F-8F16-EDC8D4EA1D9E}.Debug|x86.Build.0 = Debug|Any CPU
		{4B7C93FE-0922-4A7F-8F16-EDC8D4EA1D9E}.Release|Any CPU.ActiveCfg = Release|Any CPU
		{4B7C93FE-0922-4A7F-8F16-EDC8D4EA1D9E}.Release|Any CPU.Build.0 = Release|Any CPU
		{4B7C93FE-0922-4A7F-8F16-EDC8D4EA1D9E}.Release|x64.ActiveCfg = Release|Any CPU
		{4B7C93FE-0922-4A7F-8F16-EDC8D4EA1D9E}.Release|x64.Build.0 = Release|Any CPU
		{4B7C93FE-0922-4A7F-8F16-EDC8D4EA1D9E}.Release|x86.ActiveCfg = Release|Any CPU
		{4B7C93FE-0922-4A7F-8F16-EDC8D4EA1D9E}.Release|x86.Build.0 = Release|Any CPU
		{6BDFB812-1AE7-4BAE-854E-4FA258CAA352}.Debug|Any CPU.ActiveCfg = Debug|Any CPU
		{6BDFB812-1AE7-4BAE-854E-4FA258CAA352}.Debug|Any CPU.Build.0 = Debug|Any CPU
		{6BDFB812-1AE7-4BAE-854E-4FA258CAA352}.Debug|x64.ActiveCfg = Debug|Any CPU
		{6BDFB812-1AE7-4BAE-854E-4FA258CAA352}.Debug|x64.Build.0 = Debug|Any CPU
		{6BDFB812-1AE7-4BAE-854E-4FA258CAA352}.Debug|x86.ActiveCfg = Debug|Any CPU
		{6BDFB812-1AE7-4BAE-854E-4FA258CAA352}.Debug|x86.Build.0 = Debug|Any CPU
		{6BDFB812-1AE7-4BAE-854E-4FA258CAA352}.Release|Any CPU.ActiveCfg = Release|Any CPU
		{6BDFB812-1AE7-4BAE-854E-4FA258CAA352}.Release|Any CPU.Build.0 = Release|Any CPU
		{6BDFB812-1AE7-4BAE-854E-4FA258CAA352}.Release|x64.ActiveCfg = Release|Any CPU
		{6BDFB812-1AE7-4BAE-854E-4FA258CAA352}.Release|x64.Build.0 = Release|Any CPU
		{6BDFB812-1AE7-4BAE-854E-4FA258CAA352}.Release|x86.ActiveCfg = Release|Any CPU
		{6BDFB812-1AE7-4BAE-854E-4FA258CAA352}.Release|x86.Build.0 = Release|Any CPU
		{7B11D953-A1F9-410E-AD34-2F3930FD428D}.Debug|Any CPU.ActiveCfg = Debug|Any CPU
		{7B11D953-A1F9-410E-AD34-2F3930FD428D}.Debug|Any CPU.Build.0 = Debug|Any CPU
		{7B11D953-A1F9-410E-AD34-2F3930FD428D}.Debug|x64.ActiveCfg = Debug|Any CPU
		{7B11D953-A1F9-410E-AD34-2F3930FD428D}.Debug|x64.Build.0 = Debug|Any CPU
		{7B11D953-A1F9-410E-AD34-2F3930FD428D}.Debug|x86.ActiveCfg = Debug|Any CPU
		{7B11D953-A1F9-410E-AD34-2F3930FD428D}.Debug|x86.Build.0 = Debug|Any CPU
		{7B11D953-A1F9-410E-AD34-2F3930FD428D}.Release|Any CPU.ActiveCfg = Release|Any CPU
		{7B11D953-A1F9-410E-AD34-2F3930FD428D}.Release|Any CPU.Build.0 = Release|Any CPU
		{7B11D953-A1F9-410E-AD34-2F3930FD428D}.Release|x64.ActiveCfg = Release|Any CPU
		{7B11D953-A1F9-410E-AD34-2F3930FD428D}.Release|x64.Build.0 = Release|Any CPU
		{7B11D953-A1F9-410E-AD34-2F3930FD428D}.Release|x86.ActiveCfg = Release|Any CPU
		{7B11D953-A1F9-410E-AD34-2F3930FD428D}.Release|x86.Build.0 = Release|Any CPU
		{A771A128-5366-4D0A-BA0B-609621BCE1B4}.Debug|Any CPU.ActiveCfg = Debug|Any CPU
		{A771A128-5366-4D0A-BA0B-609621BCE1B4}.Debug|Any CPU.Build.0 = Debug|Any CPU
		{A771A128-5366-4D0A-BA0B-609621BCE1B4}.Debug|x64.ActiveCfg = Debug|Any CPU
		{A771A128-5366-4D0A-BA0B-609621BCE1B4}.Debug|x64.Build.0 = Debug|Any CPU
		{A771A128-5366-4D0A-BA0B-609621BCE1B4}.Debug|x86.ActiveCfg = Debug|Any CPU
		{A771A128-5366-4D0A-BA0B-609621BCE1B4}.Debug|x86.Build.0 = Debug|Any CPU
		{A771A128-5366-4D0A-BA0B-609621BCE1B4}.Release|Any CPU.ActiveCfg = Release|Any CPU
		{A771A128-5366-4D0A-BA0B-609621BCE1B4}.Release|Any CPU.Build.0 = Release|Any CPU
		{A771A128-5366-4D0A-BA0B-609621BCE1B4}.Release|x64.ActiveCfg = Release|Any CPU
		{A771A128-5366-4D0A-BA0B-609621BCE1B4}.Release|x64.Build.0 = Release|Any CPU
		{A771A128-5366-4D0A-BA0B-609621BCE1B4}.Release|x86.ActiveCfg = Release|Any CPU
		{A771A128-5366-4D0A-BA0B-609621BCE1B4}.Release|x86.Build.0 = Release|Any CPU
		{57DBACA0-80E2-4789-898E-EAD850FBFB0F}.Debug|Any CPU.ActiveCfg = Debug|Any CPU
		{57DBACA0-80E2-4789-898E-EAD850FBFB0F}.Debug|Any CPU.Build.0 = Debug|Any CPU
		{57DBACA0-80E2-4789-898E-EAD850FBFB0F}.Debug|x64.ActiveCfg = Debug|Any CPU
		{57DBACA0-80E2-4789-898E-EAD850FBFB0F}.Debug|x64.Build.0 = Debug|Any CPU
		{57DBACA0-80E2-4789-898E-EAD850FBFB0F}.Debug|x86.ActiveCfg = Debug|Any CPU
		{57DBACA0-80E2-4789-898E-EAD850FBFB0F}.Debug|x86.Build.0 = Debug|Any CPU
		{57DBACA0-80E2-4789-898E-EAD850FBFB0F}.Release|Any CPU.ActiveCfg = Release|Any CPU
		{57DBACA0-80E2-4789-898E-EAD850FBFB0F}.Release|Any CPU.Build.0 = Release|Any CPU
		{57DBACA0-80E2-4789-898E-EAD850FBFB0F}.Release|x64.ActiveCfg = Release|Any CPU
		{57DBACA0-80E2-4789-898E-EAD850FBFB0F}.Release|x64.Build.0 = Release|Any CPU
		{57DBACA0-80E2-4789-898E-EAD850FBFB0F}.Release|x86.ActiveCfg = Release|Any CPU
		{57DBACA0-80E2-4789-898E-EAD850FBFB0F}.Release|x86.Build.0 = Release|Any CPU
		{8DFBD6E7-A41F-4A0C-A3A3-25B658F7E295}.Debug|Any CPU.ActiveCfg = Debug|Any CPU
		{8DFBD6E7-A41F-4A0C-A3A3-25B658F7E295}.Debug|Any CPU.Build.0 = Debug|Any CPU
		{8DFBD6E7-A41F-4A0C-A3A3-25B658F7E295}.Debug|x64.ActiveCfg = Debug|Any CPU
		{8DFBD6E7-A41F-4A0C-A3A3-25B658F7E295}.Debug|x64.Build.0 = Debug|Any CPU
		{8DFBD6E7-A41F-4A0C-A3A3-25B658F7E295}.Debug|x86.ActiveCfg = Debug|Any CPU
		{8DFBD6E7-A41F-4A0C-A3A3-25B658F7E295}.Debug|x86.Build.0 = Debug|Any CPU
		{8DFBD6E7-A41F-4A0C-A3A3-25B658F7E295}.Release|Any CPU.ActiveCfg = Release|Any CPU
		{8DFBD6E7-A41F-4A0C-A3A3-25B658F7E295}.Release|Any CPU.Build.0 = Release|Any CPU
		{8DFBD6E7-A41F-4A0C-A3A3-25B658F7E295}.Release|x64.ActiveCfg = Release|Any CPU
		{8DFBD6E7-A41F-4A0C-A3A3-25B658F7E295}.Release|x64.Build.0 = Release|Any CPU
		{8DFBD6E7-A41F-4A0C-A3A3-25B658F7E295}.Release|x86.ActiveCfg = Release|Any CPU
		{8DFBD6E7-A41F-4A0C-A3A3-25B658F7E295}.Release|x86.Build.0 = Release|Any CPU
		{D1ED7570-6E2A-4ECD-9251-762E68C77F81}.Debug|Any CPU.ActiveCfg = Debug|Any CPU
		{D1ED7570-6E2A-4ECD-9251-762E68C77F81}.Debug|Any CPU.Build.0 = Debug|Any CPU
		{D1ED7570-6E2A-4ECD-9251-762E68C77F81}.Debug|x64.ActiveCfg = Debug|Any CPU
		{D1ED7570-6E2A-4ECD-9251-762E68C77F81}.Debug|x64.Build.0 = Debug|Any CPU
		{D1ED7570-6E2A-4ECD-9251-762E68C77F81}.Debug|x86.ActiveCfg = Debug|Any CPU
		{D1ED7570-6E2A-4ECD-9251-762E68C77F81}.Debug|x86.Build.0 = Debug|Any CPU
		{D1ED7570-6E2A-4ECD-9251-762E68C77F81}.Release|Any CPU.ActiveCfg = Release|Any CPU
		{D1ED7570-6E2A-4ECD-9251-762E68C77F81}.Release|Any CPU.Build.0 = Release|Any CPU
		{D1ED7570-6E2A-4ECD-9251-762E68C77F81}.Release|x64.ActiveCfg = Release|Any CPU
		{D1ED7570-6E2A-4ECD-9251-762E68C77F81}.Release|x64.Build.0 = Release|Any CPU
		{D1ED7570-6E2A-4ECD-9251-762E68C77F81}.Release|x86.ActiveCfg = Release|Any CPU
		{D1ED7570-6E2A-4ECD-9251-762E68C77F81}.Release|x86.Build.0 = Release|Any CPU
		{9F3F99DB-06FA-4B1C-A5A9-C99C13010051}.Debug|Any CPU.ActiveCfg = Debug|Any CPU
		{9F3F99DB-06FA-4B1C-A5A9-C99C13010051}.Debug|Any CPU.Build.0 = Debug|Any CPU
		{9F3F99DB-06FA-4B1C-A5A9-C99C13010051}.Debug|x64.ActiveCfg = Debug|Any CPU
		{9F3F99DB-06FA-4B1C-A5A9-C99C13010051}.Debug|x64.Build.0 = Debug|Any CPU
		{9F3F99DB-06FA-4B1C-A5A9-C99C13010051}.Debug|x86.ActiveCfg = Debug|Any CPU
		{9F3F99DB-06FA-4B1C-A5A9-C99C13010051}.Debug|x86.Build.0 = Debug|Any CPU
		{9F3F99DB-06FA-4B1C-A5A9-C99C13010051}.Release|Any CPU.ActiveCfg = Release|Any CPU
		{9F3F99DB-06FA-4B1C-A5A9-C99C13010051}.Release|Any CPU.Build.0 = Release|Any CPU
		{9F3F99DB-06FA-4B1C-A5A9-C99C13010051}.Release|x64.ActiveCfg = Release|Any CPU
		{9F3F99DB-06FA-4B1C-A5A9-C99C13010051}.Release|x64.Build.0 = Release|Any CPU
		{9F3F99DB-06FA-4B1C-A5A9-C99C13010051}.Release|x86.ActiveCfg = Release|Any CPU
		{9F3F99DB-06FA-4B1C-A5A9-C99C13010051}.Release|x86.Build.0 = Release|Any CPU
		{632BB8B9-54F9-40B4-B2BA-B21388C82774}.Debug|Any CPU.ActiveCfg = Debug|Any CPU
		{632BB8B9-54F9-40B4-B2BA-B21388C82774}.Debug|Any CPU.Build.0 = Debug|Any CPU
		{632BB8B9-54F9-40B4-B2BA-B21388C82774}.Debug|x64.ActiveCfg = Debug|Any CPU
		{632BB8B9-54F9-40B4-B2BA-B21388C82774}.Debug|x64.Build.0 = Debug|Any CPU
		{632BB8B9-54F9-40B4-B2BA-B21388C82774}.Debug|x86.ActiveCfg = Debug|Any CPU
		{632BB8B9-54F9-40B4-B2BA-B21388C82774}.Debug|x86.Build.0 = Debug|Any CPU
		{632BB8B9-54F9-40B4-B2BA-B21388C82774}.Release|Any CPU.ActiveCfg = Release|Any CPU
		{632BB8B9-54F9-40B4-B2BA-B21388C82774}.Release|Any CPU.Build.0 = Release|Any CPU
		{632BB8B9-54F9-40B4-B2BA-B21388C82774}.Release|x64.ActiveCfg = Release|Any CPU
		{632BB8B9-54F9-40B4-B2BA-B21388C82774}.Release|x64.Build.0 = Release|Any CPU
		{632BB8B9-54F9-40B4-B2BA-B21388C82774}.Release|x86.ActiveCfg = Release|Any CPU
		{632BB8B9-54F9-40B4-B2BA-B21388C82774}.Release|x86.Build.0 = Release|Any CPU
		{65CBDFDE-A3D9-4157-9CE5-3D6AA7FFFC03}.Debug|Any CPU.ActiveCfg = Debug|Any CPU
		{65CBDFDE-A3D9-4157-9CE5-3D6AA7FFFC03}.Debug|Any CPU.Build.0 = Debug|Any CPU
		{65CBDFDE-A3D9-4157-9CE5-3D6AA7FFFC03}.Debug|x64.ActiveCfg = Debug|Any CPU
		{65CBDFDE-A3D9-4157-9CE5-3D6AA7FFFC03}.Debug|x64.Build.0 = Debug|Any CPU
		{65CBDFDE-A3D9-4157-9CE5-3D6AA7FFFC03}.Debug|x86.ActiveCfg = Debug|Any CPU
		{65CBDFDE-A3D9-4157-9CE5-3D6AA7FFFC03}.Debug|x86.Build.0 = Debug|Any CPU
		{65CBDFDE-A3D9-4157-9CE5-3D6AA7FFFC03}.Release|Any CPU.ActiveCfg = Release|Any CPU
		{65CBDFDE-A3D9-4157-9CE5-3D6AA7FFFC03}.Release|Any CPU.Build.0 = Release|Any CPU
		{65CBDFDE-A3D9-4157-9CE5-3D6AA7FFFC03}.Release|x64.ActiveCfg = Release|Any CPU
		{65CBDFDE-A3D9-4157-9CE5-3D6AA7FFFC03}.Release|x64.Build.0 = Release|Any CPU
		{65CBDFDE-A3D9-4157-9CE5-3D6AA7FFFC03}.Release|x86.ActiveCfg = Release|Any CPU
		{65CBDFDE-A3D9-4157-9CE5-3D6AA7FFFC03}.Release|x86.Build.0 = Release|Any CPU
		{C1068A35-5677-49E0-AE62-AA46AE318632}.Debug|Any CPU.ActiveCfg = Debug|Any CPU
		{C1068A35-5677-49E0-AE62-AA46AE318632}.Debug|Any CPU.Build.0 = Debug|Any CPU
		{C1068A35-5677-49E0-AE62-AA46AE318632}.Debug|x64.ActiveCfg = Debug|Any CPU
		{C1068A35-5677-49E0-AE62-AA46AE318632}.Debug|x64.Build.0 = Debug|Any CPU
		{C1068A35-5677-49E0-AE62-AA46AE318632}.Debug|x86.ActiveCfg = Debug|Any CPU
		{C1068A35-5677-49E0-AE62-AA46AE318632}.Debug|x86.Build.0 = Debug|Any CPU
		{C1068A35-5677-49E0-AE62-AA46AE318632}.Release|Any CPU.ActiveCfg = Release|Any CPU
		{C1068A35-5677-49E0-AE62-AA46AE318632}.Release|Any CPU.Build.0 = Release|Any CPU
		{C1068A35-5677-49E0-AE62-AA46AE318632}.Release|x64.ActiveCfg = Release|Any CPU
		{C1068A35-5677-49E0-AE62-AA46AE318632}.Release|x64.Build.0 = Release|Any CPU
		{C1068A35-5677-49E0-AE62-AA46AE318632}.Release|x86.ActiveCfg = Release|Any CPU
		{C1068A35-5677-49E0-AE62-AA46AE318632}.Release|x86.Build.0 = Release|Any CPU
		{CD1DAF7A-CB54-4B21-81C8-B3F5DCEC321D}.Debug|Any CPU.ActiveCfg = Debug|Any CPU
		{CD1DAF7A-CB54-4B21-81C8-B3F5DCEC321D}.Debug|Any CPU.Build.0 = Debug|Any CPU
		{CD1DAF7A-CB54-4B21-81C8-B3F5DCEC321D}.Debug|x64.ActiveCfg = Debug|Any CPU
		{CD1DAF7A-CB54-4B21-81C8-B3F5DCEC321D}.Debug|x64.Build.0 = Debug|Any CPU
		{CD1DAF7A-CB54-4B21-81C8-B3F5DCEC321D}.Debug|x86.ActiveCfg = Debug|Any CPU
		{CD1DAF7A-CB54-4B21-81C8-B3F5DCEC321D}.Debug|x86.Build.0 = Debug|Any CPU
		{CD1DAF7A-CB54-4B21-81C8-B3F5DCEC321D}.Release|Any CPU.ActiveCfg = Release|Any CPU
		{CD1DAF7A-CB54-4B21-81C8-B3F5DCEC321D}.Release|Any CPU.Build.0 = Release|Any CPU
		{CD1DAF7A-CB54-4B21-81C8-B3F5DCEC321D}.Release|x64.ActiveCfg = Release|Any CPU
		{CD1DAF7A-CB54-4B21-81C8-B3F5DCEC321D}.Release|x64.Build.0 = Release|Any CPU
		{CD1DAF7A-CB54-4B21-81C8-B3F5DCEC321D}.Release|x86.ActiveCfg = Release|Any CPU
		{CD1DAF7A-CB54-4B21-81C8-B3F5DCEC321D}.Release|x86.Build.0 = Release|Any CPU
		{28CD95A2-7174-4FD1-A228-373987851353}.Debug|Any CPU.ActiveCfg = Debug|Any CPU
		{28CD95A2-7174-4FD1-A228-373987851353}.Debug|Any CPU.Build.0 = Debug|Any CPU
		{28CD95A2-7174-4FD1-A228-373987851353}.Debug|x64.ActiveCfg = Debug|Any CPU
		{28CD95A2-7174-4FD1-A228-373987851353}.Debug|x64.Build.0 = Debug|Any CPU
		{28CD95A2-7174-4FD1-A228-373987851353}.Debug|x86.ActiveCfg = Debug|Any CPU
		{28CD95A2-7174-4FD1-A228-373987851353}.Debug|x86.Build.0 = Debug|Any CPU
		{28CD95A2-7174-4FD1-A228-373987851353}.Release|Any CPU.ActiveCfg = Release|Any CPU
		{28CD95A2-7174-4FD1-A228-373987851353}.Release|Any CPU.Build.0 = Release|Any CPU
		{28CD95A2-7174-4FD1-A228-373987851353}.Release|x64.ActiveCfg = Release|Any CPU
		{28CD95A2-7174-4FD1-A228-373987851353}.Release|x64.Build.0 = Release|Any CPU
		{28CD95A2-7174-4FD1-A228-373987851353}.Release|x86.ActiveCfg = Release|Any CPU
		{28CD95A2-7174-4FD1-A228-373987851353}.Release|x86.Build.0 = Release|Any CPU
		{6DEEBD69-A7EB-480F-9CD8-D553BBFE6BB3}.Debug|Any CPU.ActiveCfg = Debug|Any CPU
		{6DEEBD69-A7EB-480F-9CD8-D553BBFE6BB3}.Debug|Any CPU.Build.0 = Debug|Any CPU
		{6DEEBD69-A7EB-480F-9CD8-D553BBFE6BB3}.Debug|x64.ActiveCfg = Debug|Any CPU
		{6DEEBD69-A7EB-480F-9CD8-D553BBFE6BB3}.Debug|x64.Build.0 = Debug|Any CPU
		{6DEEBD69-A7EB-480F-9CD8-D553BBFE6BB3}.Debug|x86.ActiveCfg = Debug|Any CPU
		{6DEEBD69-A7EB-480F-9CD8-D553BBFE6BB3}.Debug|x86.Build.0 = Debug|Any CPU
		{6DEEBD69-A7EB-480F-9CD8-D553BBFE6BB3}.Release|Any CPU.ActiveCfg = Release|Any CPU
		{6DEEBD69-A7EB-480F-9CD8-D553BBFE6BB3}.Release|Any CPU.Build.0 = Release|Any CPU
		{6DEEBD69-A7EB-480F-9CD8-D553BBFE6BB3}.Release|x64.ActiveCfg = Release|Any CPU
		{6DEEBD69-A7EB-480F-9CD8-D553BBFE6BB3}.Release|x64.Build.0 = Release|Any CPU
		{6DEEBD69-A7EB-480F-9CD8-D553BBFE6BB3}.Release|x86.ActiveCfg = Release|Any CPU
		{6DEEBD69-A7EB-480F-9CD8-D553BBFE6BB3}.Release|x86.Build.0 = Release|Any CPU
		{A091055E-A293-4E15-B900-4EBC95B25254}.Debug|Any CPU.ActiveCfg = Debug|Any CPU
		{A091055E-A293-4E15-B900-4EBC95B25254}.Debug|Any CPU.Build.0 = Debug|Any CPU
		{A091055E-A293-4E15-B900-4EBC95B25254}.Debug|x64.ActiveCfg = Debug|Any CPU
		{A091055E-A293-4E15-B900-4EBC95B25254}.Debug|x64.Build.0 = Debug|Any CPU
		{A091055E-A293-4E15-B900-4EBC95B25254}.Debug|x86.ActiveCfg = Debug|Any CPU
		{A091055E-A293-4E15-B900-4EBC95B25254}.Debug|x86.Build.0 = Debug|Any CPU
		{A091055E-A293-4E15-B900-4EBC95B25254}.Release|Any CPU.ActiveCfg = Release|Any CPU
		{A091055E-A293-4E15-B900-4EBC95B25254}.Release|Any CPU.Build.0 = Release|Any CPU
		{A091055E-A293-4E15-B900-4EBC95B25254}.Release|x64.ActiveCfg = Release|Any CPU
		{A091055E-A293-4E15-B900-4EBC95B25254}.Release|x64.Build.0 = Release|Any CPU
		{A091055E-A293-4E15-B900-4EBC95B25254}.Release|x86.ActiveCfg = Release|Any CPU
		{A091055E-A293-4E15-B900-4EBC95B25254}.Release|x86.Build.0 = Release|Any CPU
		{DF5E3EED-EBAD-41FC-A6BE-617246F73275}.Debug|Any CPU.ActiveCfg = Debug|Any CPU
		{DF5E3EED-EBAD-41FC-A6BE-617246F73275}.Debug|Any CPU.Build.0 = Debug|Any CPU
		{DF5E3EED-EBAD-41FC-A6BE-617246F73275}.Debug|x64.ActiveCfg = Debug|Any CPU
		{DF5E3EED-EBAD-41FC-A6BE-617246F73275}.Debug|x64.Build.0 = Debug|Any CPU
		{DF5E3EED-EBAD-41FC-A6BE-617246F73275}.Debug|x86.ActiveCfg = Debug|Any CPU
		{DF5E3EED-EBAD-41FC-A6BE-617246F73275}.Debug|x86.Build.0 = Debug|Any CPU
		{DF5E3EED-EBAD-41FC-A6BE-617246F73275}.Release|Any CPU.ActiveCfg = Release|Any CPU
		{DF5E3EED-EBAD-41FC-A6BE-617246F73275}.Release|Any CPU.Build.0 = Release|Any CPU
		{DF5E3EED-EBAD-41FC-A6BE-617246F73275}.Release|x64.ActiveCfg = Release|Any CPU
		{DF5E3EED-EBAD-41FC-A6BE-617246F73275}.Release|x64.Build.0 = Release|Any CPU
		{DF5E3EED-EBAD-41FC-A6BE-617246F73275}.Release|x86.ActiveCfg = Release|Any CPU
		{DF5E3EED-EBAD-41FC-A6BE-617246F73275}.Release|x86.Build.0 = Release|Any CPU
		{4FC16ADE-92F5-4FBB-92E1-95A467010FB7}.Debug|Any CPU.ActiveCfg = Debug|Any CPU
		{4FC16ADE-92F5-4FBB-92E1-95A467010FB7}.Debug|Any CPU.Build.0 = Debug|Any CPU
		{4FC16ADE-92F5-4FBB-92E1-95A467010FB7}.Debug|x64.ActiveCfg = Debug|Any CPU
		{4FC16ADE-92F5-4FBB-92E1-95A467010FB7}.Debug|x64.Build.0 = Debug|Any CPU
		{4FC16ADE-92F5-4FBB-92E1-95A467010FB7}.Debug|x86.ActiveCfg = Debug|Any CPU
		{4FC16ADE-92F5-4FBB-92E1-95A467010FB7}.Debug|x86.Build.0 = Debug|Any CPU
		{4FC16ADE-92F5-4FBB-92E1-95A467010FB7}.Release|Any CPU.ActiveCfg = Release|Any CPU
		{4FC16ADE-92F5-4FBB-92E1-95A467010FB7}.Release|Any CPU.Build.0 = Release|Any CPU
		{4FC16ADE-92F5-4FBB-92E1-95A467010FB7}.Release|x64.ActiveCfg = Release|Any CPU
		{4FC16ADE-92F5-4FBB-92E1-95A467010FB7}.Release|x64.Build.0 = Release|Any CPU
		{4FC16ADE-92F5-4FBB-92E1-95A467010FB7}.Release|x86.ActiveCfg = Release|Any CPU
		{4FC16ADE-92F5-4FBB-92E1-95A467010FB7}.Release|x86.Build.0 = Release|Any CPU
	EndGlobalSection
	GlobalSection(SolutionProperties) = preSolution
		HideSolutionNode = FALSE
	EndGlobalSection
	GlobalSection(NestedProjects) = preSolution
		{8DFBD6E7-A41F-4A0C-A3A3-25B658F7E295} = {7155F196-B8C5-49E2-82E3-8656197E4585}
	EndGlobalSection
EndGlobal
